// !$*UTF8*$!
{
	archiveVersion = 1;
	classes = {
	};
	objectVersion = 50;
	objects = {

/* Begin PBXBuildFile section */
		C40F486F2152A08E00965710 /* MenuViewController.swift in Sources */ = {isa = PBXBuildFile; fileRef = C40F486E2152A08E00965710 /* MenuViewController.swift */; };
		C40F48712154028D00965710 /* DashboardContainerViewController.swift in Sources */ = {isa = PBXBuildFile; fileRef = C40F48702154028D00965710 /* DashboardContainerViewController.swift */; };
		C40F48742154031400965710 /* MenuGestureHandlable.swift in Sources */ = {isa = PBXBuildFile; fileRef = C40F48722154031400965710 /* MenuGestureHandlable.swift */; };
		C40F48752154031400965710 /* MenuContainable.swift in Sources */ = {isa = PBXBuildFile; fileRef = C40F48732154031400965710 /* MenuContainable.swift */; };
		C40F487721542C0D00965710 /* MenuViewModel.swift in Sources */ = {isa = PBXBuildFile; fileRef = C40F487621542C0D00965710 /* MenuViewModel.swift */; };
		C40F487921547EDA00965710 /* NamingViewController.swift in Sources */ = {isa = PBXBuildFile; fileRef = C40F487821547EDA00965710 /* NamingViewController.swift */; };
		C40F487B21547F1A00965710 /* NamingViewModel.swift in Sources */ = {isa = PBXBuildFile; fileRef = C40F487A21547F1A00965710 /* NamingViewModel.swift */; };
		C425584521593D9800B0E499 /* GameCreationCoordinator.swift in Sources */ = {isa = PBXBuildFile; fileRef = C425584421593D9800B0E499 /* GameCreationCoordinator.swift */; };
		C4255847215969A000B0E499 /* GameAnnotation.swift in Sources */ = {isa = PBXBuildFile; fileRef = C4255846215969A000B0E499 /* GameAnnotation.swift */; };
		C425584921596A0C00B0E499 /* GameAnnotationViewModel.swift in Sources */ = {isa = PBXBuildFile; fileRef = C425584821596A0C00B0E499 /* GameAnnotationViewModel.swift */; };
		C425584E21597DBE00B0E499 /* PickLocationViewController.swift in Sources */ = {isa = PBXBuildFile; fileRef = C425584D21597DBE00B0E499 /* PickLocationViewController.swift */; };
		C425585021597F6800B0E499 /* PickLocationViewModel.swift in Sources */ = {isa = PBXBuildFile; fileRef = C425584F21597F6800B0E499 /* PickLocationViewModel.swift */; };
		C42558522159807B00B0E499 /* ReviewViewController.swift in Sources */ = {isa = PBXBuildFile; fileRef = C42558512159807B00B0E499 /* ReviewViewController.swift */; };
		C4255854215980BB00B0E499 /* ReviewViewModel.swift in Sources */ = {isa = PBXBuildFile; fileRef = C4255853215980BB00B0E499 /* ReviewViewModel.swift */; };
		C44E3C49213A4E7600FE965F /* AppDelegate.swift in Sources */ = {isa = PBXBuildFile; fileRef = C44E3C48213A4E7600FE965F /* AppDelegate.swift */; };
		C44E3C51213A4E7600FE965F /* Ulti_Mate.xcdatamodeld in Sources */ = {isa = PBXBuildFile; fileRef = C44E3C4F213A4E7600FE965F /* Ulti_Mate.xcdatamodeld */; };
		C44E3C53213A4E7700FE965F /* Assets.xcassets in Resources */ = {isa = PBXBuildFile; fileRef = C44E3C52213A4E7700FE965F /* Assets.xcassets */; };
		C44E3C56213A4E7700FE965F /* LaunchScreen.storyboard in Resources */ = {isa = PBXBuildFile; fileRef = C44E3C54213A4E7700FE965F /* LaunchScreen.storyboard */; };
		C44E3C5E213A531500FE965F /* SignInViewController.swift in Sources */ = {isa = PBXBuildFile; fileRef = C44E3C5D213A531500FE965F /* SignInViewController.swift */; };
		C44E3C63213A53CC00FE965F /* AppCoordinator.swift in Sources */ = {isa = PBXBuildFile; fileRef = C44E3C62213A53CC00FE965F /* AppCoordinator.swift */; };
		C44E3C65213A54AF00FE965F /* OnboardingCoordinator.swift in Sources */ = {isa = PBXBuildFile; fileRef = C44E3C64213A54AF00FE965F /* OnboardingCoordinator.swift */; };
		C44E3C68213A57FB00FE965F /* RootViewController.swift in Sources */ = {isa = PBXBuildFile; fileRef = C44E3C67213A57FB00FE965F /* RootViewController.swift */; };
		C44E3C6B213A581500FE965F /* ContainerTransitionable.swift in Sources */ = {isa = PBXBuildFile; fileRef = C44E3C69213A581500FE965F /* ContainerTransitionable.swift */; };
		C44E3C6C213A581500FE965F /* ViewControllerContainable.swift in Sources */ = {isa = PBXBuildFile; fileRef = C44E3C6A213A581500FE965F /* ViewControllerContainable.swift */; };
		C44E3C6F213A5E5800FE965F /* SignInViewModel.swift in Sources */ = {isa = PBXBuildFile; fileRef = C44E3C6E213A5E5800FE965F /* SignInViewModel.swift */; };
		C44E3C71213AFE0500FE965F /* SearchCoordinator.swift in Sources */ = {isa = PBXBuildFile; fileRef = C44E3C70213AFE0500FE965F /* SearchCoordinator.swift */; };
		C44E3C73213AFE5A00FE965F /* DashboardViewController.swift in Sources */ = {isa = PBXBuildFile; fileRef = C44E3C72213AFE5A00FE965F /* DashboardViewController.swift */; };
		C44E3C75213AFE8700FE965F /* DashboardViewModel.swift in Sources */ = {isa = PBXBuildFile; fileRef = C44E3C74213AFE8700FE965F /* DashboardViewModel.swift */; };
		C44E3C77213B055A00FE965F /* Utils.swift in Sources */ = {isa = PBXBuildFile; fileRef = C44E3C76213B055A00FE965F /* Utils.swift */; };
		C44E3C79213B072B00FE965F /* UpdatableProperty.swift in Sources */ = {isa = PBXBuildFile; fileRef = C44E3C78213B072B00FE965F /* UpdatableProperty.swift */; };
		C44E3C7C213B096400FE965F /* DashboardTableViewCell.swift in Sources */ = {isa = PBXBuildFile; fileRef = C44E3C7B213B096400FE965F /* DashboardTableViewCell.swift */; };
		C44E3C7E213B0D7900FE965F /* DashboardTableViewModel.swift in Sources */ = {isa = PBXBuildFile; fileRef = C44E3C7D213B0D7900FE965F /* DashboardTableViewModel.swift */; };
		C44E3C80213B4E8000FE965F /* GameDetailViewController.swift in Sources */ = {isa = PBXBuildFile; fileRef = C44E3C7F213B4E8000FE965F /* GameDetailViewController.swift */; };
		C44E3C82213B4E8C00FE965F /* GameDetailViewModel.swift in Sources */ = {isa = PBXBuildFile; fileRef = C44E3C81213B4E8C00FE965F /* GameDetailViewModel.swift */; };
		C44EE1C221553DE400C73320 /* GameInfo.swift in Sources */ = {isa = PBXBuildFile; fileRef = C44EE1C121553DE400C73320 /* GameInfo.swift */; };
/* End PBXBuildFile section */

/* Begin PBXFileReference section */
		C40F486E2152A08E00965710 /* MenuViewController.swift */ = {isa = PBXFileReference; fileEncoding = 4; lastKnownFileType = sourcecode.swift; path = MenuViewController.swift; sourceTree = "<group>"; };
		C40F48702154028D00965710 /* DashboardContainerViewController.swift */ = {isa = PBXFileReference; lastKnownFileType = sourcecode.swift; path = DashboardContainerViewController.swift; sourceTree = "<group>"; };
		C40F48722154031400965710 /* MenuGestureHandlable.swift */ = {isa = PBXFileReference; fileEncoding = 4; lastKnownFileType = sourcecode.swift; path = MenuGestureHandlable.swift; sourceTree = "<group>"; };
		C40F48732154031400965710 /* MenuContainable.swift */ = {isa = PBXFileReference; fileEncoding = 4; lastKnownFileType = sourcecode.swift; path = MenuContainable.swift; sourceTree = "<group>"; };
		C40F487621542C0D00965710 /* MenuViewModel.swift */ = {isa = PBXFileReference; lastKnownFileType = sourcecode.swift; path = MenuViewModel.swift; sourceTree = "<group>"; };
		C40F487821547EDA00965710 /* NamingViewController.swift */ = {isa = PBXFileReference; lastKnownFileType = sourcecode.swift; path = NamingViewController.swift; sourceTree = "<group>"; };
		C40F487A21547F1A00965710 /* NamingViewModel.swift */ = {isa = PBXFileReference; lastKnownFileType = sourcecode.swift; path = NamingViewModel.swift; sourceTree = "<group>"; };
		C425584421593D9800B0E499 /* GameCreationCoordinator.swift */ = {isa = PBXFileReference; lastKnownFileType = sourcecode.swift; path = GameCreationCoordinator.swift; sourceTree = "<group>"; };
		C4255846215969A000B0E499 /* GameAnnotation.swift */ = {isa = PBXFileReference; lastKnownFileType = sourcecode.swift; path = GameAnnotation.swift; sourceTree = "<group>"; };
		C425584821596A0C00B0E499 /* GameAnnotationViewModel.swift */ = {isa = PBXFileReference; lastKnownFileType = sourcecode.swift; path = GameAnnotationViewModel.swift; sourceTree = "<group>"; };
		C425584D21597DBE00B0E499 /* PickLocationViewController.swift */ = {isa = PBXFileReference; lastKnownFileType = sourcecode.swift; path = PickLocationViewController.swift; sourceTree = "<group>"; };
		C425584F21597F6800B0E499 /* PickLocationViewModel.swift */ = {isa = PBXFileReference; lastKnownFileType = sourcecode.swift; path = PickLocationViewModel.swift; sourceTree = "<group>"; };
		C42558512159807B00B0E499 /* ReviewViewController.swift */ = {isa = PBXFileReference; lastKnownFileType = sourcecode.swift; path = ReviewViewController.swift; sourceTree = "<group>"; };
		C4255853215980BB00B0E499 /* ReviewViewModel.swift */ = {isa = PBXFileReference; lastKnownFileType = sourcecode.swift; path = ReviewViewModel.swift; sourceTree = "<group>"; };
		C44E3C45213A4E7600FE965F /* Ulti Mate.app */ = {isa = PBXFileReference; explicitFileType = wrapper.application; includeInIndex = 0; path = "Ulti Mate.app"; sourceTree = BUILT_PRODUCTS_DIR; };
		C44E3C48213A4E7600FE965F /* AppDelegate.swift */ = {isa = PBXFileReference; lastKnownFileType = sourcecode.swift; path = AppDelegate.swift; sourceTree = "<group>"; };
		C44E3C50213A4E7600FE965F /* Ulti_Mate.xcdatamodel */ = {isa = PBXFileReference; lastKnownFileType = wrapper.xcdatamodel; path = Ulti_Mate.xcdatamodel; sourceTree = "<group>"; };
		C44E3C52213A4E7700FE965F /* Assets.xcassets */ = {isa = PBXFileReference; lastKnownFileType = folder.assetcatalog; path = Assets.xcassets; sourceTree = "<group>"; };
		C44E3C55213A4E7700FE965F /* Base */ = {isa = PBXFileReference; lastKnownFileType = file.storyboard; name = Base; path = Base.lproj/LaunchScreen.storyboard; sourceTree = "<group>"; };
		C44E3C57213A4E7700FE965F /* Info.plist */ = {isa = PBXFileReference; lastKnownFileType = text.plist.xml; path = Info.plist; sourceTree = "<group>"; };
		C44E3C5D213A531500FE965F /* SignInViewController.swift */ = {isa = PBXFileReference; lastKnownFileType = sourcecode.swift; path = SignInViewController.swift; sourceTree = "<group>"; };
		C44E3C62213A53CC00FE965F /* AppCoordinator.swift */ = {isa = PBXFileReference; lastKnownFileType = sourcecode.swift; path = AppCoordinator.swift; sourceTree = "<group>"; };
		C44E3C64213A54AF00FE965F /* OnboardingCoordinator.swift */ = {isa = PBXFileReference; lastKnownFileType = sourcecode.swift; path = OnboardingCoordinator.swift; sourceTree = "<group>"; };
		C44E3C67213A57FB00FE965F /* RootViewController.swift */ = {isa = PBXFileReference; fileEncoding = 4; lastKnownFileType = sourcecode.swift; path = RootViewController.swift; sourceTree = "<group>"; };
		C44E3C69213A581500FE965F /* ContainerTransitionable.swift */ = {isa = PBXFileReference; fileEncoding = 4; lastKnownFileType = sourcecode.swift; path = ContainerTransitionable.swift; sourceTree = "<group>"; };
		C44E3C6A213A581500FE965F /* ViewControllerContainable.swift */ = {isa = PBXFileReference; fileEncoding = 4; lastKnownFileType = sourcecode.swift; path = ViewControllerContainable.swift; sourceTree = "<group>"; };
		C44E3C6E213A5E5800FE965F /* SignInViewModel.swift */ = {isa = PBXFileReference; lastKnownFileType = sourcecode.swift; path = SignInViewModel.swift; sourceTree = "<group>"; };
		C44E3C70213AFE0500FE965F /* SearchCoordinator.swift */ = {isa = PBXFileReference; lastKnownFileType = sourcecode.swift; path = SearchCoordinator.swift; sourceTree = "<group>"; };
		C44E3C72213AFE5A00FE965F /* DashboardViewController.swift */ = {isa = PBXFileReference; lastKnownFileType = sourcecode.swift; path = DashboardViewController.swift; sourceTree = "<group>"; };
		C44E3C74213AFE8700FE965F /* DashboardViewModel.swift */ = {isa = PBXFileReference; lastKnownFileType = sourcecode.swift; path = DashboardViewModel.swift; sourceTree = "<group>"; };
		C44E3C76213B055A00FE965F /* Utils.swift */ = {isa = PBXFileReference; fileEncoding = 4; lastKnownFileType = sourcecode.swift; path = Utils.swift; sourceTree = "<group>"; };
		C44E3C78213B072B00FE965F /* UpdatableProperty.swift */ = {isa = PBXFileReference; fileEncoding = 4; lastKnownFileType = sourcecode.swift; path = UpdatableProperty.swift; sourceTree = "<group>"; };
		C44E3C7B213B096400FE965F /* DashboardTableViewCell.swift */ = {isa = PBXFileReference; lastKnownFileType = sourcecode.swift; path = DashboardTableViewCell.swift; sourceTree = "<group>"; };
		C44E3C7D213B0D7900FE965F /* DashboardTableViewModel.swift */ = {isa = PBXFileReference; lastKnownFileType = sourcecode.swift; path = DashboardTableViewModel.swift; sourceTree = "<group>"; };
		C44E3C7F213B4E8000FE965F /* GameDetailViewController.swift */ = {isa = PBXFileReference; lastKnownFileType = sourcecode.swift; path = GameDetailViewController.swift; sourceTree = "<group>"; };
		C44E3C81213B4E8C00FE965F /* GameDetailViewModel.swift */ = {isa = PBXFileReference; lastKnownFileType = sourcecode.swift; path = GameDetailViewModel.swift; sourceTree = "<group>"; };
		C44EE1C121553DE400C73320 /* GameInfo.swift */ = {isa = PBXFileReference; lastKnownFileType = sourcecode.swift; path = GameInfo.swift; sourceTree = "<group>"; };
/* End PBXFileReference section */

/* Begin PBXFrameworksBuildPhase section */
		C44E3C42213A4E7600FE965F /* Frameworks */ = {
			isa = PBXFrameworksBuildPhase;
			buildActionMask = 2147483647;
			files = (
			);
			runOnlyForDeploymentPostprocessing = 0;
		};
/* End PBXFrameworksBuildPhase section */

/* Begin PBXGroup section */
		C425584A21597B6D00B0E499 /* Onboarding */ = {
			isa = PBXGroup;
			children = (
				C44E3C6E213A5E5800FE965F /* SignInViewModel.swift */,
				C44E3C5D213A531500FE965F /* SignInViewController.swift */,
			);
			path = Onboarding;
			sourceTree = "<group>";
		};
		C425584B21597B7700B0E499 /* Search */ = {
			isa = PBXGroup;
			children = (
				C40F487621542C0D00965710 /* MenuViewModel.swift */,
				C40F486E2152A08E00965710 /* MenuViewController.swift */,
				C44E3C74213AFE8700FE965F /* DashboardViewModel.swift */,
				C44E3C72213AFE5A00FE965F /* DashboardViewController.swift */,
				C40F48702154028D00965710 /* DashboardContainerViewController.swift */,
			);
			path = Search;
			sourceTree = "<group>";
		};
		C425584C21597B7E00B0E499 /* GameCreation */ = {
			isa = PBXGroup;
			children = (
				C40F487A21547F1A00965710 /* NamingViewModel.swift */,
				C40F487821547EDA00965710 /* NamingViewController.swift */,
				C425584F21597F6800B0E499 /* PickLocationViewModel.swift */,
				C425584D21597DBE00B0E499 /* PickLocationViewController.swift */,
				C4255853215980BB00B0E499 /* ReviewViewModel.swift */,
				C42558512159807B00B0E499 /* ReviewViewController.swift */,
			);
			path = GameCreation;
			sourceTree = "<group>";
		};
		C44E3C3C213A4E7600FE965F = {
			isa = PBXGroup;
			children = (
				C44E3C47213A4E7600FE965F /* Ulti Mate */,
				C44E3C46213A4E7600FE965F /* Products */,
			);
			sourceTree = "<group>";
		};
		C44E3C46213A4E7600FE965F /* Products */ = {
			isa = PBXGroup;
			children = (
				C44E3C45213A4E7600FE965F /* Ulti Mate.app */,
			);
			name = Products;
			sourceTree = "<group>";
		};
		C44E3C47213A4E7600FE965F /* Ulti Mate */ = {
			isa = PBXGroup;
			children = (
				C44E3C61213A53BD00FE965F /* Coordinators */,
				C44E3C6D213A58ED00FE965F /* Core Data */,
				C44E3C60213A537100FE965F /* View Controllers */,
				C44EE1C021553DCB00C73320 /* Models */,
				C44E3C7A213B094000FE965F /* Views */,
				C44E3C5F213A536800FE965F /* Supporting Files */,
			);
			path = "Ulti Mate";
			sourceTree = "<group>";
		};
		C44E3C5F213A536800FE965F /* Supporting Files */ = {
			isa = PBXGroup;
			children = (
				C44E3C48213A4E7600FE965F /* AppDelegate.swift */,
				C44E3C78213B072B00FE965F /* UpdatableProperty.swift */,
				C44E3C76213B055A00FE965F /* Utils.swift */,
				C44E3C69213A581500FE965F /* ContainerTransitionable.swift */,
				C40F48732154031400965710 /* MenuContainable.swift */,
				C40F48722154031400965710 /* MenuGestureHandlable.swift */,
				C44E3C6A213A581500FE965F /* ViewControllerContainable.swift */,
				C44E3C52213A4E7700FE965F /* Assets.xcassets */,
				C44E3C54213A4E7700FE965F /* LaunchScreen.storyboard */,
				C44E3C57213A4E7700FE965F /* Info.plist */,
			);
			path = "Supporting Files";
			sourceTree = "<group>";
		};
		C44E3C60213A537100FE965F /* View Controllers */ = {
			isa = PBXGroup;
			children = (
				C44E3C67213A57FB00FE965F /* RootViewController.swift */,
				C425584A21597B6D00B0E499 /* Onboarding */,
				C425584B21597B7700B0E499 /* Search */,
				C425584C21597B7E00B0E499 /* GameCreation */,
				C44E3C81213B4E8C00FE965F /* GameDetailViewModel.swift */,
				C44E3C7F213B4E8000FE965F /* GameDetailViewController.swift */,
			);
			path = "View Controllers";
			sourceTree = "<group>";
		};
		C44E3C61213A53BD00FE965F /* Coordinators */ = {
			isa = PBXGroup;
			children = (
				C44E3C62213A53CC00FE965F /* AppCoordinator.swift */,
				C44E3C64213A54AF00FE965F /* OnboardingCoordinator.swift */,
				C44E3C70213AFE0500FE965F /* SearchCoordinator.swift */,
				C425584421593D9800B0E499 /* GameCreationCoordinator.swift */,
			);
			path = Coordinators;
			sourceTree = "<group>";
		};
		C44E3C6D213A58ED00FE965F /* Core Data */ = {
			isa = PBXGroup;
			children = (
				C44E3C4F213A4E7600FE965F /* Ulti_Mate.xcdatamodeld */,
			);
			path = "Core Data";
			sourceTree = "<group>";
		};
		C44E3C7A213B094000FE965F /* Views */ = {
			isa = PBXGroup;
			children = (
				C44E3C7D213B0D7900FE965F /* DashboardTableViewModel.swift */,
				C44E3C7B213B096400FE965F /* DashboardTableViewCell.swift */,
				C425584821596A0C00B0E499 /* GameAnnotationViewModel.swift */,
				C4255846215969A000B0E499 /* GameAnnotation.swift */,
			);
			path = Views;
			sourceTree = "<group>";
		};
		C44EE1C021553DCB00C73320 /* Models */ = {
			isa = PBXGroup;
			children = (
				C44EE1C121553DE400C73320 /* GameInfo.swift */,
			);
			path = Models;
			sourceTree = "<group>";
		};
/* End PBXGroup section */

/* Begin PBXNativeTarget section */
		C44E3C44213A4E7600FE965F /* Ulti Mate */ = {
			isa = PBXNativeTarget;
			buildConfigurationList = C44E3C5A213A4E7700FE965F /* Build configuration list for PBXNativeTarget "Ulti Mate" */;
			buildPhases = (
				C44E3C41213A4E7600FE965F /* Sources */,
				C44E3C42213A4E7600FE965F /* Frameworks */,
				C44E3C43213A4E7600FE965F /* Resources */,
			);
			buildRules = (
			);
			dependencies = (
			);
			name = "Ulti Mate";
			productName = "Ulti Mate";
			productReference = C44E3C45213A4E7600FE965F /* Ulti Mate.app */;
			productType = "com.apple.product-type.application";
		};
/* End PBXNativeTarget section */

/* Begin PBXProject section */
		C44E3C3D213A4E7600FE965F /* Project object */ = {
			isa = PBXProject;
			attributes = {
				LastSwiftUpdateCheck = 0940;
				LastUpgradeCheck = 0940;
				ORGANIZATIONNAME = Codeify;
				TargetAttributes = {
					C44E3C44213A4E7600FE965F = {
						CreatedOnToolsVersion = 9.4.1;
						LastSwiftMigration = 1000;
					};
				};
			};
			buildConfigurationList = C44E3C40213A4E7600FE965F /* Build configuration list for PBXProject "Ulti Mate" */;
			compatibilityVersion = "Xcode 9.3";
			developmentRegion = en;
			hasScannedForEncodings = 0;
			knownRegions = (
				en,
				Base,
			);
			mainGroup = C44E3C3C213A4E7600FE965F;
			productRefGroup = C44E3C46213A4E7600FE965F /* Products */;
			projectDirPath = "";
			projectRoot = "";
			targets = (
				C44E3C44213A4E7600FE965F /* Ulti Mate */,
			);
		};
/* End PBXProject section */

/* Begin PBXResourcesBuildPhase section */
		C44E3C43213A4E7600FE965F /* Resources */ = {
			isa = PBXResourcesBuildPhase;
			buildActionMask = 2147483647;
			files = (
				C44E3C56213A4E7700FE965F /* LaunchScreen.storyboard in Resources */,
				C44E3C53213A4E7700FE965F /* Assets.xcassets in Resources */,
			);
			runOnlyForDeploymentPostprocessing = 0;
		};
/* End PBXResourcesBuildPhase section */

/* Begin PBXSourcesBuildPhase section */
		C44E3C41213A4E7600FE965F /* Sources */ = {
			isa = PBXSourcesBuildPhase;
			buildActionMask = 2147483647;
			files = (
				C40F48742154031400965710 /* MenuGestureHandlable.swift in Sources */,
				C44E3C6B213A581500FE965F /* ContainerTransitionable.swift in Sources */,
				C44E3C71213AFE0500FE965F /* SearchCoordinator.swift in Sources */,
				C40F48712154028D00965710 /* DashboardContainerViewController.swift in Sources */,
				C425584E21597DBE00B0E499 /* PickLocationViewController.swift in Sources */,
				C44E3C6C213A581500FE965F /* ViewControllerContainable.swift in Sources */,
				C42558522159807B00B0E499 /* ReviewViewController.swift in Sources */,
				C44E3C79213B072B00FE965F /* UpdatableProperty.swift in Sources */,
				C44E3C7E213B0D7900FE965F /* DashboardTableViewModel.swift in Sources */,
				C44E3C75213AFE8700FE965F /* DashboardViewModel.swift in Sources */,
				C4255847215969A000B0E499 /* GameAnnotation.swift in Sources */,
				C44E3C63213A53CC00FE965F /* AppCoordinator.swift in Sources */,
				C425584921596A0C00B0E499 /* GameAnnotationViewModel.swift in Sources */,
				C44E3C77213B055A00FE965F /* Utils.swift in Sources */,
				C40F487921547EDA00965710 /* NamingViewController.swift in Sources */,
				C44E3C5E213A531500FE965F /* SignInViewController.swift in Sources */,
				C40F487721542C0D00965710 /* MenuViewModel.swift in Sources */,
				C44E3C68213A57FB00FE965F /* RootViewController.swift in Sources */,
				C40F487B21547F1A00965710 /* NamingViewModel.swift in Sources */,
				C4255854215980BB00B0E499 /* ReviewViewModel.swift in Sources */,
				C425585021597F6800B0E499 /* PickLocationViewModel.swift in Sources */,
				C40F486F2152A08E00965710 /* MenuViewController.swift in Sources */,
				C44E3C7C213B096400FE965F /* DashboardTableViewCell.swift in Sources */,
				C44E3C6F213A5E5800FE965F /* SignInViewModel.swift in Sources */,
				C425584521593D9800B0E499 /* GameCreationCoordinator.swift in Sources */,
				C44E3C80213B4E8000FE965F /* GameDetailViewController.swift in Sources */,
				C44E3C82213B4E8C00FE965F /* GameDetailViewModel.swift in Sources */,
				C44E3C51213A4E7600FE965F /* Ulti_Mate.xcdatamodeld in Sources */,
				C44E3C73213AFE5A00FE965F /* DashboardViewController.swift in Sources */,
				C44E3C49213A4E7600FE965F /* AppDelegate.swift in Sources */,
				C44E3C65213A54AF00FE965F /* OnboardingCoordinator.swift in Sources */,
				C40F48752154031400965710 /* MenuContainable.swift in Sources */,
				C44EE1C221553DE400C73320 /* GameInfo.swift in Sources */,
			);
			runOnlyForDeploymentPostprocessing = 0;
		};
/* End PBXSourcesBuildPhase section */

/* Begin PBXVariantGroup section */
		C44E3C54213A4E7700FE965F /* LaunchScreen.storyboard */ = {
			isa = PBXVariantGroup;
			children = (
				C44E3C55213A4E7700FE965F /* Base */,
			);
			name = LaunchScreen.storyboard;
			sourceTree = "<group>";
		};
/* End PBXVariantGroup section */

/* Begin XCBuildConfiguration section */
		C44E3C58213A4E7700FE965F /* Debug */ = {
			isa = XCBuildConfiguration;
			buildSettings = {
				ALWAYS_SEARCH_USER_PATHS = NO;
				CLANG_ANALYZER_NONNULL = YES;
				CLANG_ANALYZER_NUMBER_OBJECT_CONVERSION = YES_AGGRESSIVE;
				CLANG_CXX_LANGUAGE_STANDARD = "gnu++14";
				CLANG_CXX_LIBRARY = "libc++";
				CLANG_ENABLE_MODULES = YES;
				CLANG_ENABLE_OBJC_ARC = YES;
				CLANG_ENABLE_OBJC_WEAK = YES;
				CLANG_WARN_BLOCK_CAPTURE_AUTORELEASING = YES;
				CLANG_WARN_BOOL_CONVERSION = YES;
				CLANG_WARN_COMMA = YES;
				CLANG_WARN_CONSTANT_CONVERSION = YES;
				CLANG_WARN_DEPRECATED_OBJC_IMPLEMENTATIONS = YES;
				CLANG_WARN_DIRECT_OBJC_ISA_USAGE = YES_ERROR;
				CLANG_WARN_DOCUMENTATION_COMMENTS = YES;
				CLANG_WARN_EMPTY_BODY = YES;
				CLANG_WARN_ENUM_CONVERSION = YES;
				CLANG_WARN_INFINITE_RECURSION = YES;
				CLANG_WARN_INT_CONVERSION = YES;
				CLANG_WARN_NON_LITERAL_NULL_CONVERSION = YES;
				CLANG_WARN_OBJC_IMPLICIT_RETAIN_SELF = YES;
				CLANG_WARN_OBJC_LITERAL_CONVERSION = YES;
				CLANG_WARN_OBJC_ROOT_CLASS = YES_ERROR;
				CLANG_WARN_RANGE_LOOP_ANALYSIS = YES;
				CLANG_WARN_STRICT_PROTOTYPES = YES;
				CLANG_WARN_SUSPICIOUS_MOVE = YES;
				CLANG_WARN_UNGUARDED_AVAILABILITY = YES_AGGRESSIVE;
				CLANG_WARN_UNREACHABLE_CODE = YES;
				CLANG_WARN__DUPLICATE_METHOD_MATCH = YES;
				CODE_SIGN_IDENTITY = "iPhone Developer";
				COPY_PHASE_STRIP = NO;
				DEBUG_INFORMATION_FORMAT = dwarf;
				ENABLE_STRICT_OBJC_MSGSEND = YES;
				ENABLE_TESTABILITY = YES;
				GCC_C_LANGUAGE_STANDARD = gnu11;
				GCC_DYNAMIC_NO_PIC = NO;
				GCC_NO_COMMON_BLOCKS = YES;
				GCC_OPTIMIZATION_LEVEL = 0;
				GCC_PREPROCESSOR_DEFINITIONS = (
					"DEBUG=1",
					"$(inherited)",
				);
				GCC_WARN_64_TO_32_BIT_CONVERSION = YES;
				GCC_WARN_ABOUT_RETURN_TYPE = YES_ERROR;
				GCC_WARN_UNDECLARED_SELECTOR = YES;
				GCC_WARN_UNINITIALIZED_AUTOS = YES_AGGRESSIVE;
				GCC_WARN_UNUSED_FUNCTION = YES;
				GCC_WARN_UNUSED_VARIABLE = YES;
				IPHONEOS_DEPLOYMENT_TARGET = 11.4;
				MTL_ENABLE_DEBUG_INFO = YES;
				ONLY_ACTIVE_ARCH = YES;
				SDKROOT = iphoneos;
				SWIFT_ACTIVE_COMPILATION_CONDITIONS = DEBUG;
				SWIFT_OPTIMIZATION_LEVEL = "-Onone";
			};
			name = Debug;
		};
		C44E3C59213A4E7700FE965F /* Release */ = {
			isa = XCBuildConfiguration;
			buildSettings = {
				ALWAYS_SEARCH_USER_PATHS = NO;
				CLANG_ANALYZER_NONNULL = YES;
				CLANG_ANALYZER_NUMBER_OBJECT_CONVERSION = YES_AGGRESSIVE;
				CLANG_CXX_LANGUAGE_STANDARD = "gnu++14";
				CLANG_CXX_LIBRARY = "libc++";
				CLANG_ENABLE_MODULES = YES;
				CLANG_ENABLE_OBJC_ARC = YES;
				CLANG_ENABLE_OBJC_WEAK = YES;
				CLANG_WARN_BLOCK_CAPTURE_AUTORELEASING = YES;
				CLANG_WARN_BOOL_CONVERSION = YES;
				CLANG_WARN_COMMA = YES;
				CLANG_WARN_CONSTANT_CONVERSION = YES;
				CLANG_WARN_DEPRECATED_OBJC_IMPLEMENTATIONS = YES;
				CLANG_WARN_DIRECT_OBJC_ISA_USAGE = YES_ERROR;
				CLANG_WARN_DOCUMENTATION_COMMENTS = YES;
				CLANG_WARN_EMPTY_BODY = YES;
				CLANG_WARN_ENUM_CONVERSION = YES;
				CLANG_WARN_INFINITE_RECURSION = YES;
				CLANG_WARN_INT_CONVERSION = YES;
				CLANG_WARN_NON_LITERAL_NULL_CONVERSION = YES;
				CLANG_WARN_OBJC_IMPLICIT_RETAIN_SELF = YES;
				CLANG_WARN_OBJC_LITERAL_CONVERSION = YES;
				CLANG_WARN_OBJC_ROOT_CLASS = YES_ERROR;
				CLANG_WARN_RANGE_LOOP_ANALYSIS = YES;
				CLANG_WARN_STRICT_PROTOTYPES = YES;
				CLANG_WARN_SUSPICIOUS_MOVE = YES;
				CLANG_WARN_UNGUARDED_AVAILABILITY = YES_AGGRESSIVE;
				CLANG_WARN_UNREACHABLE_CODE = YES;
				CLANG_WARN__DUPLICATE_METHOD_MATCH = YES;
				CODE_SIGN_IDENTITY = "iPhone Developer";
				COPY_PHASE_STRIP = NO;
				DEBUG_INFORMATION_FORMAT = "dwarf-with-dsym";
				ENABLE_NS_ASSERTIONS = NO;
				ENABLE_STRICT_OBJC_MSGSEND = YES;
				GCC_C_LANGUAGE_STANDARD = gnu11;
				GCC_NO_COMMON_BLOCKS = YES;
				GCC_WARN_64_TO_32_BIT_CONVERSION = YES;
				GCC_WARN_ABOUT_RETURN_TYPE = YES_ERROR;
				GCC_WARN_UNDECLARED_SELECTOR = YES;
				GCC_WARN_UNINITIALIZED_AUTOS = YES_AGGRESSIVE;
				GCC_WARN_UNUSED_FUNCTION = YES;
				GCC_WARN_UNUSED_VARIABLE = YES;
				IPHONEOS_DEPLOYMENT_TARGET = 11.4;
				MTL_ENABLE_DEBUG_INFO = NO;
				SDKROOT = iphoneos;
				SWIFT_COMPILATION_MODE = wholemodule;
				SWIFT_OPTIMIZATION_LEVEL = "-O";
				VALIDATE_PRODUCT = YES;
			};
			name = Release;
		};
		C44E3C5B213A4E7700FE965F /* Debug */ = {
			isa = XCBuildConfiguration;
			buildSettings = {
				ASSETCATALOG_COMPILER_APPICON_NAME = AppIcon;
				CODE_SIGN_STYLE = Automatic;
				DEVELOPMENT_TEAM = HCS55STQTH;
				INFOPLIST_FILE = "$(SRCROOT)/Ulti Mate/Supporting Files/Info.plist";
				LD_RUNPATH_SEARCH_PATHS = (
					"$(inherited)",
					"@executable_path/Frameworks",
				);
				PRODUCT_BUNDLE_IDENTIFIER = "Codeify.Ulti-Mate";
				PRODUCT_NAME = "$(TARGET_NAME)";
				SWIFT_VERSION = 4.2;
				TARGETED_DEVICE_FAMILY = "1,2";
			};
			name = Debug;
		};
		C44E3C5C213A4E7700FE965F /* Release */ = {
			isa = XCBuildConfiguration;
			buildSettings = {
				ASSETCATALOG_COMPILER_APPICON_NAME = AppIcon;
				CODE_SIGN_STYLE = Automatic;
				DEVELOPMENT_TEAM = HCS55STQTH;
				INFOPLIST_FILE = "$(SRCROOT)/Ulti Mate/Supporting Files/Info.plist";
				LD_RUNPATH_SEARCH_PATHS = (
					"$(inherited)",
					"@executable_path/Frameworks",
				);
				PRODUCT_BUNDLE_IDENTIFIER = "Codeify.Ulti-Mate";
				PRODUCT_NAME = "$(TARGET_NAME)";
				SWIFT_VERSION = 4.2;
				TARGETED_DEVICE_FAMILY = "1,2";
			};
			name = Release;
		};
/* End XCBuildConfiguration section */

/* Begin XCConfigurationList section */
		C44E3C40213A4E7600FE965F /* Build configuration list for PBXProject "Ulti Mate" */ = {
			isa = XCConfigurationList;
			buildConfigurations = (
				C44E3C58213A4E7700FE965F /* Debug */,
				C44E3C59213A4E7700FE965F /* Release */,
			);
			defaultConfigurationIsVisible = 0;
			defaultConfigurationName = Release;
		};
		C44E3C5A213A4E7700FE965F /* Build configuration list for PBXNativeTarget "Ulti Mate" */ = {
			isa = XCConfigurationList;
			buildConfigurations = (
				C44E3C5B213A4E7700FE965F /* Debug */,
				C44E3C5C213A4E7700FE965F /* Release */,
			);
			defaultConfigurationIsVisible = 0;
			defaultConfigurationName = Release;
		};
/* End XCConfigurationList section */

/* Begin XCVersionGroup section */
		C44E3C4F213A4E7600FE965F /* Ulti_Mate.xcdatamodeld */ = {
			isa = XCVersionGroup;
			children = (
				C44E3C50213A4E7600FE965F /* Ulti_Mate.xcdatamodel */,
			);
			currentVersion = C44E3C50213A4E7600FE965F /* Ulti_Mate.xcdatamodel */;
			path = Ulti_Mate.xcdatamodeld;
			sourceTree = "<group>";
			versionGroupType = wrapper.xcdatamodel;
		};
/* End XCVersionGroup section */
	};
	rootObject = C44E3C3D213A4E7600FE965F /* Project object */;
}
